<?xml version="1.0" encoding="UTF-8"?>
<Scheme
   LastUpgradeVersion = "1520"
   version = "1.7">
   <BuildAction
      parallelizeBuildables = "YES"
      buildImplicitDependencies = "YES">
      <BuildActionEntries>
         <BuildActionEntry
            buildForTesting = "YES"
            buildForRunning = "YES"
            buildForProfiling = "YES"
            buildForArchiving = "YES"
            buildForAnalyzing = "YES">
            <BuildableReference
               BuildableIdentifier = "primary"
               BlueprintIdentifier = "BedTimeStoryGenerator"
               BuildableName = "BedTimeStoryGenerator"
               BlueprintName = "BedTimeStoryGenerator"
               ReferencedContainer = "container:">
            </BuildableReference>
         </BuildActionEntry>
      </BuildActionEntries>
   </BuildAction>
   <TestAction
      buildConfiguration = "Debug"
      selectedDebuggerIdentifier = "Xcode.DebuggerFoundation.Debugger.LLDB"
      selectedLauncherIdentifier = "Xcode.DebuggerFoundation.Launcher.LLDB"
      shouldUseLaunchSchemeArgsEnv = "YES"
      shouldAutocreateTestPlan = "YES">
   </TestAction>
   <LaunchAction
      buildConfiguration = "Debug"
      selectedDebuggerIdentifier = "Xcode.DebuggerFoundation.Debugger.LLDB"
      selectedLauncherIdentifier = "Xcode.DebuggerFoundation.Launcher.LLDB"
      launchStyle = "0"
      useCustomWorkingDirectory = "NO"
      ignoresPersistentStateOnLaunch = "NO"
      debugDocumentVersioning = "YES"
      debugServiceExtension = "internal"
      allowLocationSimulation = "YES">
      <BuildableProductRunnable
         runnableDebuggingMode = "0">
         <BuildableReference
            BuildableIdentifier = "primary"
            BlueprintIdentifier = "BedTimeStoryGenerator"
            BuildableName = "BedTimeStoryGenerator"
            BlueprintName = "BedTimeStoryGenerator"
            ReferencedContainer = "container:">
         </BuildableReference>
      </BuildableProductRunnable>
      <CommandLineArguments>
         <CommandLineArgument
            argument = "bedtime prompt"
            isEnabled = "NO">
         </CommandLineArgument>
         <CommandLineArgument
            argument = "remove -h"
            isEnabled = "NO">
         </CommandLineArgument>
         <CommandLineArgument
            argument = "remove -c Raissa -a coding"
            isEnabled = "NO">
         </CommandLineArgument>
         <CommandLineArgument
            argument = "story -l long"
            isEnabled = "NO">
         </CommandLineArgument>
         <CommandLineArgument
            argument = "story -a schooler"
            isEnabled = "NO">
         </CommandLineArgument>
         <CommandLineArgument
            argument = "story  -l medium"
            isEnabled = "NO">
         </CommandLineArgument>
         <CommandLineArgument
            argument = "add raissa bruna"
            isEnabled = "NO">
         </CommandLineArgument>
         <CommandLineArgument
            argument = "-h"
            isEnabled = "NO">
         </CommandLineArgument>
         <CommandLineArgument
            argument = "story -h"
            isEnabled = "NO">
         </CommandLineArgument>
         <CommandLineArgument
            argument = "add -c Raissa -s Academy -a coding -d desperate"
            isEnabled = "NO">
         </CommandLineArgument>
         <CommandLineArgument
            argument = "list"
            isEnabled = "NO">
         </CommandLineArgument>
         <CommandLineArgument
            argument = "add  -c Felipe -s Fortaleza -a crying -d tired"
            isEnabled = "NO">
         </CommandLineArgument>
         <CommandLineArgument
            argument = "add -h"
            isEnabled = "NO">
         </CommandLineArgument>
         <CommandLineArgument
            argument = "story -v --age toddler -l long"
            isEnabled = "NO">
         </CommandLineArgument>
         <CommandLineArgument
            argument = "story"
            isEnabled = "YES">
         </CommandLineArgument>
         <CommandLineArgument
            argument = "prompt -h"
            isEnabled = "NO">
         </CommandLineArgument>
         <CommandLineArgument
            argument = "-s"
            isEnabled = "NO">
         </CommandLineArgument>
         <CommandLineArgument
            argument = "-v"
            isEnabled = "YES">
         </CommandLineArgument>
      </CommandLineArguments>
   </LaunchAction>
   <ProfileAction
      buildConfiguration = "Release"
      shouldUseLaunchSchemeArgsEnv = "YES"
      savedToolIdentifier = ""
      useCustomWorkingDirectory = "NO"
      debugDocumentVersioning = "YES">
      <BuildableProductRunnable
         runnableDebuggingMode = "0">
         <BuildableReference
            BuildableIdentifier = "primary"
            BlueprintIdentifier = "BedTimeStoryGenerator"
            BuildableName = "BedTimeStoryGenerator"
            BlueprintName = "BedTimeStoryGenerator"
            ReferencedContainer = "container:">
         </BuildableReference>
      </BuildableProductRunnable>
   </ProfileAction>
   <AnalyzeAction
      buildConfiguration = "Debug">
   </AnalyzeAction>
   <ArchiveAction
      buildConfiguration = "Release"
      revealArchiveInOrganizer = "YES">
   </ArchiveAction>
</Scheme>
